
Microsoft Visual Studio Solution File, Format Version 12.00
# Visual Studio Version 16
VisualStudioVersion = 16.0.30320.27
MinimumVisualStudioVersion = 10.0.40219.1
Project("{FAE04EC0-301F-11D3-BF4B-00C04F79EFBC}") = "HelloWorld", "HelloWorld\HelloWorld.csproj", "{3FA438A1-9481-43AD-A802-769333590BA9}"
EndProject
Project("{FAE04EC0-301F-11D3-BF4B-00C04F79EFBC}") = "Suma", "Suma\Suma.csproj", "{F049AAC8-B0F4-459C-ABE2-E165C1748E48}"
EndProject
Project("{FAE04EC0-301F-11D3-BF4B-00C04F79EFBC}") = "HumanResources", "HumanResources\HumanResources.csproj", "{629DC859-B545-47AD-88A2-74EBF7C4CC49}"
EndProject
Project("{FAE04EC0-301F-11D3-BF4B-00C04F79EFBC}") = "Birthdays", "Birthdays\Birthdays.csproj", "{9C51B455-A794-4B02-94AF-85CCBFE85EDF}"
EndProject
Project("{FAE04EC0-301F-11D3-BF4B-00C04F79EFBC}") = "Termometer", "Termometer\Termometer.csproj", "{D0AFE5C5-9827-4A3E-BA84-06969A227351}"
EndProject
Project("{FAE04EC0-301F-11D3-BF4B-00C04F79EFBC}") = "Lottery", "Lottery\Lottery.csproj", "{428A9D61-F091-4BF9-B5F0-299DE5181318}"
EndProject
Project("{2150E333-8FDC-42A3-9474-1A3956D46DE8}") = "CommandLine", "CommandLine", "{E796EA7A-6AED-4815-9B21-500C3E1DF946}"
EndProject
Project("{2150E333-8FDC-42A3-9474-1A3956D46DE8}") = "WPF", "WPF", "{78C08D14-B7AB-435E-96CD-53533E3E0D1D}"
EndProject
Project("{FAE04EC0-301F-11D3-BF4B-00C04F79EFBC}") = "DemoFormularios", "DemoFormularios\DemoFormularios.csproj", "{71ECA08A-3BAF-4711-B28E-4341B934C49D}"
EndProject
Global
	GlobalSection(SolutionConfigurationPlatforms) = preSolution
		Debug|Any CPU = Debug|Any CPU
		Release|Any CPU = Release|Any CPU
	EndGlobalSection
	GlobalSection(ProjectConfigurationPlatforms) = postSolution
		{3FA438A1-9481-43AD-A802-769333590BA9}.Debug|Any CPU.ActiveCfg = Debug|Any CPU
		{3FA438A1-9481-43AD-A802-769333590BA9}.Debug|Any CPU.Build.0 = Debug|Any CPU
		{3FA438A1-9481-43AD-A802-769333590BA9}.Release|Any CPU.ActiveCfg = Release|Any CPU
		{3FA438A1-9481-43AD-A802-769333590BA9}.Release|Any CPU.Build.0 = Release|Any CPU
		{F049AAC8-B0F4-459C-ABE2-E165C1748E48}.Debug|Any CPU.ActiveCfg = Debug|Any CPU
		{F049AAC8-B0F4-459C-ABE2-E165C1748E48}.Debug|Any CPU.Build.0 = Debug|Any CPU
		{F049AAC8-B0F4-459C-ABE2-E165C1748E48}.Release|Any CPU.ActiveCfg = Release|Any CPU
		{F049AAC8-B0F4-459C-ABE2-E165C1748E48}.Release|Any CPU.Build.0 = Release|Any CPU
		{629DC859-B545-47AD-88A2-74EBF7C4CC49}.Debug|Any CPU.ActiveCfg = Debug|Any CPU
		{629DC859-B545-47AD-88A2-74EBF7C4CC49}.Debug|Any CPU.Build.0 = Debug|Any CPU
		{629DC859-B545-47AD-88A2-74EBF7C4CC49}.Release|Any CPU.ActiveCfg = Release|Any CPU
		{629DC859-B545-47AD-88A2-74EBF7C4CC49}.Release|Any CPU.Build.0 = Release|Any CPU
		{9C51B455-A794-4B02-94AF-85CCBFE85EDF}.Debug|Any CPU.ActiveCfg = Debug|Any CPU
		{9C51B455-A794-4B02-94AF-85CCBFE85EDF}.Debug|Any CPU.Build.0 = Debug|Any CPU
		{9C51B455-A794-4B02-94AF-85CCBFE85EDF}.Release|Any CPU.ActiveCfg = Release|Any CPU
		{9C51B455-A794-4B02-94AF-85CCBFE85EDF}.Release|Any CPU.Build.0 = Release|Any CPU
		{D0AFE5C5-9827-4A3E-BA84-06969A227351}.Debug|Any CPU.ActiveCfg = Debug|Any CPU
		{D0AFE5C5-9827-4A3E-BA84-06969A227351}.Debug|Any CPU.Build.0 = Debug|Any CPU
		{D0AFE5C5-9827-4A3E-BA84-06969A227351}.Release|Any CPU.ActiveCfg = Release|Any CPU
		{D0AFE5C5-9827-4A3E-BA84-06969A227351}.Release|Any CPU.Build.0 = Release|Any CPU
		{428A9D61-F091-4BF9-B5F0-299DE5181318}.Debug|Any CPU.ActiveCfg = Debug|Any CPU
		{428A9D61-F091-4BF9-B5F0-299DE5181318}.Debug|Any CPU.Build.0 = Debug|Any CPU
		{428A9D61-F091-4BF9-B5F0-299DE5181318}.Release|Any CPU.ActiveCfg = Release|Any CPU
		{428A9D61-F091-4BF9-B5F0-299DE5181318}.Release|Any CPU.Build.0 = Release|Any CPU
		{71ECA08A-3BAF-4711-B28E-4341B934C49D}.Debug|Any CPU.ActiveCfg = Debug|Any CPU
		{71ECA08A-3BAF-4711-B28E-4341B934C49D}.Debug|Any CPU.Build.0 = Debug|Any CPU
		{71ECA08A-3BAF-4711-B28E-4341B934C49D}.Release|Any CPU.ActiveCfg = Release|Any CPU
		{71ECA08A-3BAF-4711-B28E-4341B934C49D}.Release|Any CPU.Build.0 = Release|Any CPU
	EndGlobalSection
	GlobalSection(SolutionProperties) = preSolution
		HideSolutionNode = FALSE
	EndGlobalSection
	GlobalSection(NestedProjects) = preSolution
		{3FA438A1-9481-43AD-A802-769333590BA9} = {E796EA7A-6AED-4815-9B21-500C3E1DF946}
		{F049AAC8-B0F4-459C-ABE2-E165C1748E48} = {E796EA7A-6AED-4815-9B21-500C3E1DF946}
		{629DC859-B545-47AD-88A2-74EBF7C4CC49} = {E796EA7A-6AED-4815-9B21-500C3E1DF946}
		{9C51B455-A794-4B02-94AF-85CCBFE85EDF} = {E796EA7A-6AED-4815-9B21-500C3E1DF946}
		{D0AFE5C5-9827-4A3E-BA84-06969A227351} = {E796EA7A-6AED-4815-9B21-500C3E1DF946}
		{428A9D61-F091-4BF9-B5F0-299DE5181318} = {E796EA7A-6AED-4815-9B21-500C3E1DF946}
		{71ECA08A-3BAF-4711-B28E-4341B934C49D} = {78C08D14-B7AB-435E-96CD-53533E3E0D1D}
	EndGlobalSection
	GlobalSection(ExtensibilityGlobals) = postSolution
		SolutionGuid = {0C07366E-E69A-40A5-9FB5-0F3A658D4F9F}
	EndGlobalSection
EndGlobal
