
Microsoft Visual Studio Solution File, Format Version 12.00
# Visual Studio Version 16
VisualStudioVersion = 16.0.31205.134
MinimumVisualStudioVersion = 10.0.40219.1
Project("{FAE04EC0-301F-11D3-BF4B-00C04F79EFBC}") = "MasterMind", "MasterMind\MasterMind.csproj", "{09C5AB3E-F5D4-4A72-8366-F9AB551D9027}"
EndProject
Project("{FAE04EC0-301F-11D3-BF4B-00C04F79EFBC}") = "WiimoteLib", "WiimoteLib\WiimoteLib.csproj", "{37A555DF-7012-4B99-8A47-1C922A361E52}"
EndProject
Project("{FAE04EC0-301F-11D3-BF4B-00C04F79EFBC}") = "WiimoteTest", "WiimoteTest\WiimoteTest.csproj", "{48223EAB-B2E0-4A64-9074-4444662EB693}"
EndProject
Project("{FAE04EC0-301F-11D3-BF4B-00C04F79EFBC}") = "WiimoteGestureLib", "WiimoteGestureLib\WiimoteGestureLib.csproj", "{1CE4974E-96F3-4DCA-B6E0-26219E56BEAF}"
EndProject
Global
	GlobalSection(SolutionConfigurationPlatforms) = preSolution
		Debug|Any CPU = Debug|Any CPU
		Debug|x86 = Debug|x86
		Release|Any CPU = Release|Any CPU
		Release|x86 = Release|x86
	EndGlobalSection
	GlobalSection(ProjectConfigurationPlatforms) = postSolution
		{09C5AB3E-F5D4-4A72-8366-F9AB551D9027}.Debug|Any CPU.ActiveCfg = Debug|x86
		{09C5AB3E-F5D4-4A72-8366-F9AB551D9027}.Debug|Any CPU.Build.0 = Debug|x86
		{09C5AB3E-F5D4-4A72-8366-F9AB551D9027}.Debug|x86.ActiveCfg = Debug|x86
		{09C5AB3E-F5D4-4A72-8366-F9AB551D9027}.Debug|x86.Build.0 = Debug|x86
		{09C5AB3E-F5D4-4A72-8366-F9AB551D9027}.Release|Any CPU.ActiveCfg = Release|x86
		{09C5AB3E-F5D4-4A72-8366-F9AB551D9027}.Release|Any CPU.Build.0 = Release|x86
		{09C5AB3E-F5D4-4A72-8366-F9AB551D9027}.Release|x86.ActiveCfg = Release|x86
		{09C5AB3E-F5D4-4A72-8366-F9AB551D9027}.Release|x86.Build.0 = Release|x86
		{37A555DF-7012-4B99-8A47-1C922A361E52}.Debug|Any CPU.ActiveCfg = Debug|Any CPU
		{37A555DF-7012-4B99-8A47-1C922A361E52}.Debug|Any CPU.Build.0 = Debug|Any CPU
		{37A555DF-7012-4B99-8A47-1C922A361E52}.Debug|x86.ActiveCfg = Debug|x86
		{37A555DF-7012-4B99-8A47-1C922A361E52}.Debug|x86.Build.0 = Debug|x86
		{37A555DF-7012-4B99-8A47-1C922A361E52}.Release|Any CPU.ActiveCfg = Release|Any CPU
		{37A555DF-7012-4B99-8A47-1C922A361E52}.Release|Any CPU.Build.0 = Release|Any CPU
		{37A555DF-7012-4B99-8A47-1C922A361E52}.Release|x86.ActiveCfg = Release|x86
		{37A555DF-7012-4B99-8A47-1C922A361E52}.Release|x86.Build.0 = Release|x86
		{48223EAB-B2E0-4A64-9074-4444662EB693}.Debug|Any CPU.ActiveCfg = Debug|Any CPU
		{48223EAB-B2E0-4A64-9074-4444662EB693}.Debug|Any CPU.Build.0 = Debug|Any CPU
		{48223EAB-B2E0-4A64-9074-4444662EB693}.Debug|x86.ActiveCfg = Debug|x86
		{48223EAB-B2E0-4A64-9074-4444662EB693}.Debug|x86.Build.0 = Debug|x86
		{48223EAB-B2E0-4A64-9074-4444662EB693}.Release|Any CPU.ActiveCfg = Release|Any CPU
		{48223EAB-B2E0-4A64-9074-4444662EB693}.Release|Any CPU.Build.0 = Release|Any CPU
		{48223EAB-B2E0-4A64-9074-4444662EB693}.Release|x86.ActiveCfg = Release|x86
		{48223EAB-B2E0-4A64-9074-4444662EB693}.Release|x86.Build.0 = Release|x86
		{1CE4974E-96F3-4DCA-B6E0-26219E56BEAF}.Debug|Any CPU.ActiveCfg = Debug|Any CPU
		{1CE4974E-96F3-4DCA-B6E0-26219E56BEAF}.Debug|Any CPU.Build.0 = Debug|Any CPU
		{1CE4974E-96F3-4DCA-B6E0-26219E56BEAF}.Debug|x86.ActiveCfg = Debug|Any CPU
		{1CE4974E-96F3-4DCA-B6E0-26219E56BEAF}.Debug|x86.Build.0 = Debug|Any CPU
		{1CE4974E-96F3-4DCA-B6E0-26219E56BEAF}.Release|Any CPU.ActiveCfg = Release|Any CPU
		{1CE4974E-96F3-4DCA-B6E0-26219E56BEAF}.Release|Any CPU.Build.0 = Release|Any CPU
		{1CE4974E-96F3-4DCA-B6E0-26219E56BEAF}.Release|x86.ActiveCfg = Release|Any CPU
		{1CE4974E-96F3-4DCA-B6E0-26219E56BEAF}.Release|x86.Build.0 = Release|Any CPU
	EndGlobalSection
	GlobalSection(SolutionProperties) = preSolution
		HideSolutionNode = FALSE
	EndGlobalSection
	GlobalSection(ExtensibilityGlobals) = postSolution
		SolutionGuid = {AC6BD864-DDD4-4E41-A961-A64EDFB56CE9}
	EndGlobalSection
EndGlobal
